PODS:
  - Kingfisher (7.3.2)
  - R.swift (6.1.0):
    - R.swift.Library (~> 5.3.0)
  - R.swift.Library (5.3.0)
  - SnapKit (5.6.0)

DEPENDENCIES:
  - Kingfisher
  - R.swift
  - SnapKit

SPEC REPOS:
  trunk:
    - Kingfisher
    - R.swift
    - R.swift.Library
    - SnapKit

SPEC CHECKSUMS:
  Kingfisher: 0086ad83719761ba9b2cdaf6ef4d5b4878cbae23
  R.swift: ec98ff71c4ab2f6fd01dd077e5afd15e63a4834c
  R.swift.Library: 0fc583cb55a99e28901299cc451614cad1161962
  SnapKit: e01d52ebb8ddbc333eefe2132acf85c8227d9c25

PODFILE CHECKSUM: e7a9d66fa7fae7a50d0653ee4c99015abdca3ac9

COCOAPODS: 1.11.3
